
Microsoft Visual Studio Solution File, Format Version 12.00
# Visual Studio Version 17
VisualStudioVersion = 17.14.36301.6 d17.14
MinimumVisualStudioVersion = 10.0.40219.1
Project("{FAE04EC0-301F-11D3-BF4B-00C04F79EFBC}") = "karzinka", "karzinka\karzinka.csproj", "{43A08674-2CD4-47B6-B6F1-2A177BF662CF}"
EndProject
Global
	GlobalSection(SolutionConfigurationPlatforms) = preSolution
		Debug|Any CPU = Debug|Any CPU
		Release|Any CPU = Release|Any CPU
	EndGlobalSection
	GlobalSection(ProjectConfigurationPlatforms) = postSolution
		{43A08674-2CD4-47B6-B6F1-2A177BF662CF}.Debug|Any CPU.ActiveCfg = Debug|Any CPU
		{43A08674-2CD4-47B6-B6F1-2A177BF662CF}.Debug|Any CPU.Build.0 = Debug|Any CPU
		{43A08674-2CD4-47B6-B6F1-2A177BF662CF}.Release|Any CPU.ActiveCfg = Release|Any CPU
		{43A08674-2CD4-47B6-B6F1-2A177BF662CF}.Release|Any CPU.Build.0 = Release|Any CPU
	EndGlobalSection
	GlobalSection(SolutionProperties) = preSolution
		HideSolutionNode = FALSE
	EndGlobalSection
	GlobalSection(ExtensibilityGlobals) = postSolution
		SolutionGuid = {EA67FE77-300B-4C17-A94A-DF761C907929}
	EndGlobalSection
EndGlobal
